
Microsoft Visual Studio Solution File, Format Version 12.00
# Visual Studio Version 16
VisualStudioVersion = 16.0.30804.86
MinimumVisualStudioVersion = 10.0.40219.1
Project("{9A19103F-16F7-4668-BE54-9A1E7A4F7556}") = "KampIntro", "KampIntro\KampIntro.csproj", "{1C152438-A27B-4ED1-B716-9301D7CCAE92}"
EndProject
Project("{9A19103F-16F7-4668-BE54-9A1E7A4F7556}") = "döngüler", "döngüler\döngüler.csproj", "{203EC9AD-A583-4E05-951C-D24D86EB8ABA}"
EndProject
Project("{9A19103F-16F7-4668-BE54-9A1E7A4F7556}") = "classintro", "classintro\classintro.csproj", "{39B65DFE-2FBA-4B11-A385-6F4C4E9304BA}"
EndProject
Project("{9A19103F-16F7-4668-BE54-9A1E7A4F7556}") = "methods", "methods\methods.csproj", "{EA1A5B55-066A-41FF-8B76-83A2075937A0}"
EndProject
Project("{9A19103F-16F7-4668-BE54-9A1E7A4F7556}") = "Math", "Math\Math.csproj", "{D2962AD7-8F13-48AE-A8D0-2652ABCCC4D4}"
EndProject
Project("{9A19103F-16F7-4668-BE54-9A1E7A4F7556}") = "ValueandReferenceTypes", "ValueandReferenceTypes\ValueandReferenceTypes.csproj", "{8ACA819C-B45C-41DF-ADE5-B43CC7BCFFF8}"
EndProject
Project("{9A19103F-16F7-4668-BE54-9A1E7A4F7556}") = "ClassMetotDemo", "ClassMetotDemo\ClassMetotDemo.csproj", "{E225BA21-B48A-421D-BD90-2F1E7416579C}"
EndProject
Project("{9A19103F-16F7-4668-BE54-9A1E7A4F7556}") = "OOP1", "OOP1\OOP1.csproj", "{0D433C70-42E7-4084-A1C2-822C7D59B941}"
EndProject
Project("{9A19103F-16F7-4668-BE54-9A1E7A4F7556}") = "Collections", "Collections\Collections.csproj", "{57C81BFC-D686-4971-9271-61607AFEC9FD}"
EndProject
Project("{FAE04EC0-301F-11D3-BF4B-00C04F79EFBC}") = "GenericsIntro", "GenericsIntro\GenericsIntro.csproj", "{AFF80213-C821-42AB-A6F1-6B8E8C0ED24B}"
EndProject
Global
	GlobalSection(SolutionConfigurationPlatforms) = preSolution
		Debug|Any CPU = Debug|Any CPU
		Release|Any CPU = Release|Any CPU
	EndGlobalSection
	GlobalSection(ProjectConfigurationPlatforms) = postSolution
		{1C152438-A27B-4ED1-B716-9301D7CCAE92}.Debug|Any CPU.ActiveCfg = Debug|Any CPU
		{1C152438-A27B-4ED1-B716-9301D7CCAE92}.Debug|Any CPU.Build.0 = Debug|Any CPU
		{1C152438-A27B-4ED1-B716-9301D7CCAE92}.Release|Any CPU.ActiveCfg = Release|Any CPU
		{1C152438-A27B-4ED1-B716-9301D7CCAE92}.Release|Any CPU.Build.0 = Release|Any CPU
		{203EC9AD-A583-4E05-951C-D24D86EB8ABA}.Debug|Any CPU.ActiveCfg = Debug|Any CPU
		{203EC9AD-A583-4E05-951C-D24D86EB8ABA}.Debug|Any CPU.Build.0 = Debug|Any CPU
		{203EC9AD-A583-4E05-951C-D24D86EB8ABA}.Release|Any CPU.ActiveCfg = Release|Any CPU
		{203EC9AD-A583-4E05-951C-D24D86EB8ABA}.Release|Any CPU.Build.0 = Release|Any CPU
		{39B65DFE-2FBA-4B11-A385-6F4C4E9304BA}.Debug|Any CPU.ActiveCfg = Debug|Any CPU
		{39B65DFE-2FBA-4B11-A385-6F4C4E9304BA}.Debug|Any CPU.Build.0 = Debug|Any CPU
		{39B65DFE-2FBA-4B11-A385-6F4C4E9304BA}.Release|Any CPU.ActiveCfg = Release|Any CPU
		{39B65DFE-2FBA-4B11-A385-6F4C4E9304BA}.Release|Any CPU.Build.0 = Release|Any CPU
		{EA1A5B55-066A-41FF-8B76-83A2075937A0}.Debug|Any CPU.ActiveCfg = Debug|Any CPU
		{EA1A5B55-066A-41FF-8B76-83A2075937A0}.Debug|Any CPU.Build.0 = Debug|Any CPU
		{EA1A5B55-066A-41FF-8B76-83A2075937A0}.Release|Any CPU.ActiveCfg = Release|Any CPU
		{EA1A5B55-066A-41FF-8B76-83A2075937A0}.Release|Any CPU.Build.0 = Release|Any CPU
		{D2962AD7-8F13-48AE-A8D0-2652ABCCC4D4}.Debug|Any CPU.ActiveCfg = Debug|Any CPU
		{D2962AD7-8F13-48AE-A8D0-2652ABCCC4D4}.Debug|Any CPU.Build.0 = Debug|Any CPU
		{D2962AD7-8F13-48AE-A8D0-2652ABCCC4D4}.Release|Any CPU.ActiveCfg = Release|Any CPU
		{D2962AD7-8F13-48AE-A8D0-2652ABCCC4D4}.Release|Any CPU.Build.0 = Release|Any CPU
		{8ACA819C-B45C-41DF-ADE5-B43CC7BCFFF8}.Debug|Any CPU.ActiveCfg = Debug|Any CPU
		{8ACA819C-B45C-41DF-ADE5-B43CC7BCFFF8}.Debug|Any CPU.Build.0 = Debug|Any CPU
		{8ACA819C-B45C-41DF-ADE5-B43CC7BCFFF8}.Release|Any CPU.ActiveCfg = Release|Any CPU
		{8ACA819C-B45C-41DF-ADE5-B43CC7BCFFF8}.Release|Any CPU.Build.0 = Release|Any CPU
		{E225BA21-B48A-421D-BD90-2F1E7416579C}.Debug|Any CPU.ActiveCfg = Debug|Any CPU
		{E225BA21-B48A-421D-BD90-2F1E7416579C}.Debug|Any CPU.Build.0 = Debug|Any CPU
		{E225BA21-B48A-421D-BD90-2F1E7416579C}.Release|Any CPU.ActiveCfg = Release|Any CPU
		{E225BA21-B48A-421D-BD90-2F1E7416579C}.Release|Any CPU.Build.0 = Release|Any CPU
		{0D433C70-42E7-4084-A1C2-822C7D59B941}.Debug|Any CPU.ActiveCfg = Debug|Any CPU
		{0D433C70-42E7-4084-A1C2-822C7D59B941}.Debug|Any CPU.Build.0 = Debug|Any CPU
		{0D433C70-42E7-4084-A1C2-822C7D59B941}.Release|Any CPU.ActiveCfg = Release|Any CPU
		{0D433C70-42E7-4084-A1C2-822C7D59B941}.Release|Any CPU.Build.0 = Release|Any CPU
		{57C81BFC-D686-4971-9271-61607AFEC9FD}.Debug|Any CPU.ActiveCfg = Debug|Any CPU
		{57C81BFC-D686-4971-9271-61607AFEC9FD}.Debug|Any CPU.Build.0 = Debug|Any CPU
		{57C81BFC-D686-4971-9271-61607AFEC9FD}.Release|Any CPU.ActiveCfg = Release|Any CPU
		{57C81BFC-D686-4971-9271-61607AFEC9FD}.Release|Any CPU.Build.0 = Release|Any CPU
		{AFF80213-C821-42AB-A6F1-6B8E8C0ED24B}.Debug|Any CPU.ActiveCfg = Debug|Any CPU
		{AFF80213-C821-42AB-A6F1-6B8E8C0ED24B}.Debug|Any CPU.Build.0 = Debug|Any CPU
		{AFF80213-C821-42AB-A6F1-6B8E8C0ED24B}.Release|Any CPU.ActiveCfg = Release|Any CPU
		{AFF80213-C821-42AB-A6F1-6B8E8C0ED24B}.Release|Any CPU.Build.0 = Release|Any CPU
	EndGlobalSection
	GlobalSection(SolutionProperties) = preSolution
		HideSolutionNode = FALSE
	EndGlobalSection
	GlobalSection(ExtensibilityGlobals) = postSolution
		SolutionGuid = {FEC30200-167F-4E10-911D-AF3582BDDA5A}
	EndGlobalSection
EndGlobal
